
Microsoft Visual Studio Solution File, Format Version 12.00
# Visual Studio Version 17
VisualStudioVersion = 17.11.35219.272
MinimumVisualStudioVersion = 10.0.40219.1
Project("{FAE04EC0-301F-11D3-BF4B-00C04F79EFBC}") = "uppgift 2 nivå 1", "uppgift 2 nivå 1\uppgift 2 nivå 1.csproj", "{9CC60DCC-7740-4997-B425-B2AB27B6B79D}"
EndProject
Global
	GlobalSection(SolutionConfigurationPlatforms) = preSolution
		Debug|Any CPU = Debug|Any CPU
		Release|Any CPU = Release|Any CPU
	EndGlobalSection
	GlobalSection(ProjectConfigurationPlatforms) = postSolution
		{9CC60DCC-7740-4997-B425-B2AB27B6B79D}.Debug|Any CPU.ActiveCfg = Debug|Any CPU
		{9CC60DCC-7740-4997-B425-B2AB27B6B79D}.Debug|Any CPU.Build.0 = Debug|Any CPU
		{9CC60DCC-7740-4997-B425-B2AB27B6B79D}.Release|Any CPU.ActiveCfg = Release|Any CPU
		{9CC60DCC-7740-4997-B425-B2AB27B6B79D}.Release|Any CPU.Build.0 = Release|Any CPU
	EndGlobalSection
	GlobalSection(SolutionProperties) = preSolution
		HideSolutionNode = FALSE
	EndGlobalSection
	GlobalSection(ExtensibilityGlobals) = postSolution
		SolutionGuid = {02364374-CC02-4A84-8ED7-21156019D4A6}
	EndGlobalSection
EndGlobal
